// !$*UTF8*$!
{
	archiveVersion = 1;
	classes = {
	};
	objectVersion = 46;
	objects = {

/* Begin PBXBuildFile section */
		04E200091C50F1E90089E4D0 /* main.m in Sources */ = {isa = PBXBuildFile; fileRef = 04E200081C50F1E90089E4D0 /* main.m */; };
		04E200141C50F5410089E4D0 /* main.m in Sources */ = {isa = PBXBuildFile; fileRef = 04E200131C50F5410089E4D0 /* main.m */; };
		04E2001F1C50F8460089E4D0 /* main.m in Sources */ = {isa = PBXBuildFile; fileRef = 04E2001E1C50F8460089E4D0 /* main.m */; };
		04E2002A1C50F9DD0089E4D0 /* main.m in Sources */ = {isa = PBXBuildFile; fileRef = 04E200291C50F9DD0089E4D0 /* main.m */; };
		04E2FFC51C50AFDB0089E4D0 /* main.m in Sources */ = {isa = PBXBuildFile; fileRef = 04E2FFC41C50AFDB0089E4D0 /* main.m */; };
		04E2FFD21C50B5560089E4D0 /* main.m in Sources */ = {isa = PBXBuildFile; fileRef = 04E2FFD11C50B5560089E4D0 /* main.m */; };
		04E2FFDD1C50B9F30089E4D0 /* main.m in Sources */ = {isa = PBXBuildFile; fileRef = 04E2FFDC1C50B9F30089E4D0 /* main.m */; };
		04E2FFE81C50DFFD0089E4D0 /* main.m in Sources */ = {isa = PBXBuildFile; fileRef = 04E2FFE71C50DFFD0089E4D0 /* main.m */; };
		04E2FFF31C50EB820089E4D0 /* main.m in Sources */ = {isa = PBXBuildFile; fileRef = 04E2FFF21C50EB820089E4D0 /* main.m */; };
		04E2FFFE1C50EE5E0089E4D0 /* main.m in Sources */ = {isa = PBXBuildFile; fileRef = 04E2FFFD1C50EE5E0089E4D0 /* main.m */; };
		04ED23AC1C51D5370043D2CB /* bookinf.txt in Copy Files */ = {isa = PBXBuildFile; fileRef = 04E2002E1C50FA600089E4D0 /* bookinf.txt */; settings = {ATTRIBUTES = (CodeSignOnCopy, ); }; };
		04ED23BE1C51D5D50043D2CB /* main.m in Sources */ = {isa = PBXBuildFile; fileRef = 04ED23BD1C51D5D50043D2CB /* main.m */; };
/* End PBXBuildFile section */

/* Begin PBXCopyFilesBuildPhase section */
		04E200041C50F1E80089E4D0 /* CopyFiles */ = {
			isa = PBXCopyFilesBuildPhase;
			buildActionMask = 2147483647;
			dstPath = /usr/share/man/man1/;
			dstSubfolderSpec = 0;
			files = (
			);
			runOnlyForDeploymentPostprocessing = 1;
		};
		04E2000F1C50F5410089E4D0 /* CopyFiles */ = {
			isa = PBXCopyFilesBuildPhase;
			buildActionMask = 2147483647;
			dstPath = /usr/share/man/man1/;
			dstSubfolderSpec = 0;
			files = (
			);
			runOnlyForDeploymentPostprocessing = 1;
		};
		04E2001A1C50F8460089E4D0 /* CopyFiles */ = {
			isa = PBXCopyFilesBuildPhase;
			buildActionMask = 2147483647;
			dstPath = /usr/share/man/man1/;
			dstSubfolderSpec = 0;
			files = (
			);
			runOnlyForDeploymentPostprocessing = 1;
		};
		04E200251C50F9DD0089E4D0 /* Copy Files */ = {
			isa = PBXCopyFilesBuildPhase;
			buildActionMask = 8;
			dstPath = usr/share/man/man1;
			dstSubfolderSpec = 16;
			files = (
				04ED23AC1C51D5370043D2CB /* bookinf.txt in Copy Files */,
			);
			name = "Copy Files";
			runOnlyForDeploymentPostprocessing = 1;
		};
		04E2FFBF1C50AFDB0089E4D0 /* CopyFiles */ = {
			isa = PBXCopyFilesBuildPhase;
			buildActionMask = 2147483647;
			dstPath = /usr/share/man/man1/;
			dstSubfolderSpec = 0;
			files = (
			);
			runOnlyForDeploymentPostprocessing = 1;
		};
		04E2FFCD1C50B5560089E4D0 /* CopyFiles */ = {
			isa = PBXCopyFilesBuildPhase;
			buildActionMask = 2147483647;
			dstPath = /usr/share/man/man1/;
			dstSubfolderSpec = 0;
			files = (
			);
			runOnlyForDeploymentPostprocessing = 1;
		};
		04E2FFD81C50B9F30089E4D0 /* CopyFiles */ = {
			isa = PBXCopyFilesBuildPhase;
			buildActionMask = 2147483647;
			dstPath = /usr/share/man/man1/;
			dstSubfolderSpec = 0;
			files = (
			);
			runOnlyForDeploymentPostprocessing = 1;
		};
		04E2FFE31C50DFFD0089E4D0 /* CopyFiles */ = {
			isa = PBXCopyFilesBuildPhase;
			buildActionMask = 2147483647;
			dstPath = /usr/share/man/man1/;
			dstSubfolderSpec = 0;
			files = (
			);
			runOnlyForDeploymentPostprocessing = 1;
		};
		04E2FFEE1C50EB820089E4D0 /* CopyFiles */ = {
			isa = PBXCopyFilesBuildPhase;
			buildActionMask = 2147483647;
			dstPath = /usr/share/man/man1/;
			dstSubfolderSpec = 0;
			files = (
			);
			runOnlyForDeploymentPostprocessing = 1;
		};
		04E2FFF91C50EE5E0089E4D0 /* CopyFiles */ = {
			isa = PBXCopyFilesBuildPhase;
			buildActionMask = 2147483647;
			dstPath = /usr/share/man/man1/;
			dstSubfolderSpec = 0;
			files = (
			);
			runOnlyForDeploymentPostprocessing = 1;
		};
		04ED23B91C51D5D50043D2CB /* CopyFiles */ = {
			isa = PBXCopyFilesBuildPhase;
			buildActionMask = 2147483647;
			dstPath = /usr/share/man/man1/;
			dstSubfolderSpec = 0;
			files = (
			);
			runOnlyForDeploymentPostprocessing = 1;
		};
/* End PBXCopyFilesBuildPhase section */

/* Begin PBXFileReference section */
		04E200061C50F1E80089E4D0 /* 使用ProcessInfo */ = {isa = PBXFileReference; explicitFileType = "compiled.mach-o.executable"; includeInIndex = 0; path = "使用ProcessInfo"; sourceTree = BUILT_PRODUCTS_DIR; };
		04E200081C50F1E90089E4D0 /* main.m */ = {isa = PBXFileReference; lastKnownFileType = sourcecode.c.objc; path = main.m; sourceTree = "<group>"; };
		04E200111C50F5410089E4D0 /* NSFileHandle处理文件IO */ = {isa = PBXFileReference; explicitFileType = "compiled.mach-o.executable"; includeInIndex = 0; path = "NSFileHandle处理文件IO"; sourceTree = BUILT_PRODUCTS_DIR; };
		04E200131C50F5410089E4D0 /* main.m */ = {isa = PBXFileReference; lastKnownFileType = sourcecode.c.objc; path = main.m; sourceTree = "<group>"; };
		04E2001C1C50F8460089E4D0 /* NSURL读取网络资源 */ = {isa = PBXFileReference; explicitFileType = "compiled.mach-o.executable"; includeInIndex = 0; path = "NSURL读取网络资源"; sourceTree = BUILT_PRODUCTS_DIR; };
		04E2001E1C50F8460089E4D0 /* main.m */ = {isa = PBXFileReference; lastKnownFileType = sourcecode.c.objc; path = main.m; sourceTree = "<group>"; };
		04E200271C50F9DD0089E4D0 /* NSBundle处理项目相关资源 */ = {isa = PBXFileReference; explicitFileType = "compiled.mach-o.executable"; includeInIndex = 0; path = "NSBundle处理项目相关资源"; sourceTree = BUILT_PRODUCTS_DIR; };
		04E200291C50F9DD0089E4D0 /* main.m */ = {isa = PBXFileReference; lastKnownFileType = sourcecode.c.objc; path = main.m; sourceTree = "<group>"; };
		04E2002E1C50FA600089E4D0 /* bookinf.txt */ = {isa = PBXFileReference; fileEncoding = 4; lastKnownFileType = text; path = bookinf.txt; sourceTree = "<group>"; };
		04E2FFC11C50AFDB0089E4D0 /* Objective-C-IO */ = {isa = PBXFileReference; explicitFileType = "compiled.mach-o.executable"; includeInIndex = 0; path = "Objective-C-IO"; sourceTree = BUILT_PRODUCTS_DIR; };
		04E2FFC41C50AFDB0089E4D0 /* main.m */ = {isa = PBXFileReference; lastKnownFileType = sourcecode.c.objc; path = main.m; sourceTree = "<group>"; };
		04E2FFCF1C50B5560089E4D0 /* 数据处理NSData */ = {isa = PBXFileReference; explicitFileType = "compiled.mach-o.executable"; includeInIndex = 0; path = "数据处理NSData"; sourceTree = BUILT_PRODUCTS_DIR; };
		04E2FFD11C50B5560089E4D0 /* main.m */ = {isa = PBXFileReference; lastKnownFileType = sourcecode.c.objc; path = main.m; sourceTree = "<group>"; };
		04E2FFDA1C50B9F30089E4D0 /* NSFileManager管理文件和目录 */ = {isa = PBXFileReference; explicitFileType = "compiled.mach-o.executable"; includeInIndex = 0; path = "NSFileManager管理文件和目录"; sourceTree = BUILT_PRODUCTS_DIR; };
		04E2FFDC1C50B9F30089E4D0 /* main.m */ = {isa = PBXFileReference; lastKnownFileType = sourcecode.c.objc; path = main.m; sourceTree = "<group>"; };
		04E2FFE51C50DFFD0089E4D0 /* 文件的创建、删除、移动、复制 */ = {isa = PBXFileReference; explicitFileType = "compiled.mach-o.executable"; includeInIndex = 0; path = "文件的创建、删除、移动、复制"; sourceTree = BUILT_PRODUCTS_DIR; };
		04E2FFE71C50DFFD0089E4D0 /* main.m */ = {isa = PBXFileReference; lastKnownFileType = sourcecode.c.objc; path = main.m; sourceTree = "<group>"; };
		04E2FFF01C50EB820089E4D0 /* 查看目录包含的内容 */ = {isa = PBXFileReference; explicitFileType = "compiled.mach-o.executable"; includeInIndex = 0; path = "查看目录包含的内容"; sourceTree = BUILT_PRODUCTS_DIR; };
		04E2FFF21C50EB820089E4D0 /* main.m */ = {isa = PBXFileReference; lastKnownFileType = sourcecode.c.objc; path = main.m; sourceTree = "<group>"; };
		04E2FFFB1C50EE5E0089E4D0 /* NSPathUtilities管理路径 */ = {isa = PBXFileReference; explicitFileType = "compiled.mach-o.executable"; includeInIndex = 0; path = "NSPathUtilities管理路径"; sourceTree = BUILT_PRODUCTS_DIR; };
		04E2FFFD1C50EE5E0089E4D0 /* main.m */ = {isa = PBXFileReference; lastKnownFileType = sourcecode.c.objc; path = main.m; sourceTree = "<group>"; };
		04ED23BB1C51D5D50043D2CB /* 对象归档 */ = {isa = PBXFileReference; explicitFileType = "compiled.mach-o.executable"; includeInIndex = 0; path = "对象归档"; sourceTree = BUILT_PRODUCTS_DIR; };
		04ED23BD1C51D5D50043D2CB /* main.m */ = {isa = PBXFileReference; lastKnownFileType = sourcecode.c.objc; path = main.m; sourceTree = "<group>"; };
/* End PBXFileReference section */

/* Begin PBXFrameworksBuildPhase section */
		04E200031C50F1E80089E4D0 /* Frameworks */ = {
			isa = PBXFrameworksBuildPhase;
			buildActionMask = 2147483647;
			files = (
			);
			runOnlyForDeploymentPostprocessing = 0;
		};
		04E2000E1C50F5410089E4D0 /* Frameworks */ = {
			isa = PBXFrameworksBuildPhase;
			buildActionMask = 2147483647;
			files = (
			);
			runOnlyForDeploymentPostprocessing = 0;
		};
		04E200191C50F8460089E4D0 /* Frameworks */ = {
			isa = PBXFrameworksBuildPhase;
			buildActionMask = 2147483647;
			files = (
			);
			runOnlyForDeploymentPostprocessing = 0;
		};
		04E200241C50F9DD0089E4D0 /* Frameworks */ = {
			isa = PBXFrameworksBuildPhase;
			buildActionMask = 2147483647;
			files = (
			);
			runOnlyForDeploymentPostprocessing = 0;
		};
		04E2FFBE1C50AFDB0089E4D0 /* Frameworks */ = {
			isa = PBXFrameworksBuildPhase;
			buildActionMask = 2147483647;
			files = (
			);
			runOnlyForDeploymentPostprocessing = 0;
		};
		04E2FFCC1C50B5560089E4D0 /* Frameworks */ = {
			isa = PBXFrameworksBuildPhase;
			buildActionMask = 2147483647;
			files = (
			);
			runOnlyForDeploymentPostprocessing = 0;
		};
		04E2FFD71C50B9F30089E4D0 /* Frameworks */ = {
			isa = PBXFrameworksBuildPhase;
			buildActionMask = 2147483647;
			files = (
			);
			runOnlyForDeploymentPostprocessing = 0;
		};
		04E2FFE21C50DFFD0089E4D0 /* Frameworks */ = {
			isa = PBXFrameworksBuildPhase;
			buildActionMask = 2147483647;
			files = (
			);
			runOnlyForDeploymentPostprocessing = 0;
		};
		04E2FFED1C50EB820089E4D0 /* Frameworks */ = {
			isa = PBXFrameworksBuildPhase;
			buildActionMask = 2147483647;
			files = (
			);
			runOnlyForDeploymentPostprocessing = 0;
		};
		04E2FFF81C50EE5E0089E4D0 /* Frameworks */ = {
			isa = PBXFrameworksBuildPhase;
			buildActionMask = 2147483647;
			files = (
			);
			runOnlyForDeploymentPostprocessing = 0;
		};
		04ED23B81C51D5D50043D2CB /* Frameworks */ = {
			isa = PBXFrameworksBuildPhase;
			buildActionMask = 2147483647;
			files = (
			);
			runOnlyForDeploymentPostprocessing = 0;
		};
/* End PBXFrameworksBuildPhase section */

/* Begin PBXGroup section */
		04E200071C50F1E90089E4D0 /* 使用ProcessInfo */ = {
			isa = PBXGroup;
			children = (
				04E200081C50F1E90089E4D0 /* main.m */,
			);
			path = "使用ProcessInfo";
			sourceTree = "<group>";
		};
		04E200121C50F5410089E4D0 /* NSFileHandle处理文件IO */ = {
			isa = PBXGroup;
			children = (
				04E200131C50F5410089E4D0 /* main.m */,
			);
			path = "NSFileHandle处理文件IO";
			sourceTree = "<group>";
		};
		04E2001D1C50F8460089E4D0 /* NSURL读取网络资源 */ = {
			isa = PBXGroup;
			children = (
				04E2001E1C50F8460089E4D0 /* main.m */,
			);
			path = "NSURL读取网络资源";
			sourceTree = "<group>";
		};
		04E200281C50F9DD0089E4D0 /* NSBundle处理项目相关资源 */ = {
			isa = PBXGroup;
			children = (
				04E200291C50F9DD0089E4D0 /* main.m */,
				04E2002E1C50FA600089E4D0 /* bookinf.txt */,
			);
			path = "NSBundle处理项目相关资源";
			sourceTree = SOURCE_ROOT;
		};
		04E2FFB81C50AFDB0089E4D0 = {
			isa = PBXGroup;
			children = (
				04E2FFC31C50AFDB0089E4D0 /* Objective-C-IO */,
				04E2FFD01C50B5560089E4D0 /* 数据处理NSData */,
				04E2FFDB1C50B9F30089E4D0 /* NSFileManager管理文件和目录 */,
				04E2FFE61C50DFFD0089E4D0 /* 文件的创建、删除、移动、复制 */,
				04E2FFF11C50EB820089E4D0 /* 查看目录包含的内容 */,
				04E2FFFC1C50EE5E0089E4D0 /* NSPathUtilities管理路径 */,
				04E200071C50F1E90089E4D0 /* 使用ProcessInfo */,
				04E200121C50F5410089E4D0 /* NSFileHandle处理文件IO */,
				04E2001D1C50F8460089E4D0 /* NSURL读取网络资源 */,
				04E200281C50F9DD0089E4D0 /* NSBundle处理项目相关资源 */,
				04ED23BC1C51D5D50043D2CB /* 对象归档 */,
				04E2FFC21C50AFDB0089E4D0 /* Products */,
			);
			sourceTree = "<group>";
		};
		04E2FFC21C50AFDB0089E4D0 /* Products */ = {
			isa = PBXGroup;
			children = (
				04E2FFC11C50AFDB0089E4D0 /* Objective-C-IO */,
				04E2FFCF1C50B5560089E4D0 /* 数据处理NSData */,
				04E2FFDA1C50B9F30089E4D0 /* NSFileManager管理文件和目录 */,
				04E2FFE51C50DFFD0089E4D0 /* 文件的创建、删除、移动、复制 */,
				04E2FFF01C50EB820089E4D0 /* 查看目录包含的内容 */,
				04E2FFFB1C50EE5E0089E4D0 /* NSPathUtilities管理路径 */,
				04E200061C50F1E80089E4D0 /* 使用ProcessInfo */,
				04E200111C50F5410089E4D0 /* NSFileHandle处理文件IO */,
				04E2001C1C50F8460089E4D0 /* NSURL读取网络资源 */,
				04E200271C50F9DD0089E4D0 /* NSBundle处理项目相关资源 */,
				04ED23BB1C51D5D50043D2CB /* 对象归档 */,
			);
			name = Products;
			sourceTree = "<group>";
		};
		04E2FFC31C50AFDB0089E4D0 /* Objective-C-IO */ = {
			isa = PBXGroup;
			children = (
				04E2FFC41C50AFDB0089E4D0 /* main.m */,
			);
			path = "Objective-C-IO";
			sourceTree = "<group>";
		};
		04E2FFD01C50B5560089E4D0 /* 数据处理NSData */ = {
			isa = PBXGroup;
			children = (
				04E2FFD11C50B5560089E4D0 /* main.m */,
			);
			path = "数据处理NSData";
			sourceTree = "<group>";
		};
		04E2FFDB1C50B9F30089E4D0 /* NSFileManager管理文件和目录 */ = {
			isa = PBXGroup;
			children = (
				04E2FFDC1C50B9F30089E4D0 /* main.m */,
			);
			path = "NSFileManager管理文件和目录";
			sourceTree = "<group>";
		};
		04E2FFE61C50DFFD0089E4D0 /* 文件的创建、删除、移动、复制 */ = {
			isa = PBXGroup;
			children = (
				04E2FFE71C50DFFD0089E4D0 /* main.m */,
			);
			path = "文件的创建、删除、移动、复制";
			sourceTree = "<group>";
		};
		04E2FFF11C50EB820089E4D0 /* 查看目录包含的内容 */ = {
			isa = PBXGroup;
			children = (
				04E2FFF21C50EB820089E4D0 /* main.m */,
			);
			path = "查看目录包含的内容";
			sourceTree = "<group>";
		};
		04E2FFFC1C50EE5E0089E4D0 /* NSPathUtilities管理路径 */ = {
			isa = PBXGroup;
			children = (
				04E2FFFD1C50EE5E0089E4D0 /* main.m */,
			);
			path = "NSPathUtilities管理路径";
			sourceTree = "<group>";
		};
		04ED23BC1C51D5D50043D2CB /* 对象归档 */ = {
			isa = PBXGroup;
			children = (
				04ED23BD1C51D5D50043D2CB /* main.m */,
			);
			path = "对象归档";
			sourceTree = "<group>";
		};
/* End PBXGroup section */

/* Begin PBXNativeTarget section */
		04E200051C50F1E80089E4D0 /* 使用ProcessInfo */ = {
			isa = PBXNativeTarget;
			buildConfigurationList = 04E2000A1C50F1E90089E4D0 /* Build configuration list for PBXNativeTarget "使用ProcessInfo" */;
			buildPhases = (
				04E200021C50F1E80089E4D0 /* Sources */,
				04E200031C50F1E80089E4D0 /* Frameworks */,
				04E200041C50F1E80089E4D0 /* CopyFiles */,
			);
			buildRules = (
			);
			dependencies = (
			);
			name = "使用ProcessInfo";
			productName = "使用ProcessInfo";
			productReference = 04E200061C50F1E80089E4D0 /* 使用ProcessInfo */;
			productType = "com.apple.product-type.tool";
		};
		04E200101C50F5410089E4D0 /* NSFileHandle处理文件IO */ = {
			isa = PBXNativeTarget;
			buildConfigurationList = 04E200151C50F5410089E4D0 /* Build configuration list for PBXNativeTarget "NSFileHandle处理文件IO" */;
			buildPhases = (
				04E2000D1C50F5410089E4D0 /* Sources */,
				04E2000E1C50F5410089E4D0 /* Frameworks */,
				04E2000F1C50F5410089E4D0 /* CopyFiles */,
			);
			buildRules = (
			);
			dependencies = (
			);
			name = "NSFileHandle处理文件IO";
			productName = "NSFileHandle处理文件IO";
			productReference = 04E200111C50F5410089E4D0 /* NSFileHandle处理文件IO */;
			productType = "com.apple.product-type.tool";
		};
		04E2001B1C50F8460089E4D0 /* NSURL读取网络资源 */ = {
			isa = PBXNativeTarget;
			buildConfigurationList = 04E200201C50F8460089E4D0 /* Build configuration list for PBXNativeTarget "NSURL读取网络资源" */;
			buildPhases = (
				04E200181C50F8460089E4D0 /* Sources */,
				04E200191C50F8460089E4D0 /* Frameworks */,
				04E2001A1C50F8460089E4D0 /* CopyFiles */,
			);
			buildRules = (
			);
			dependencies = (
			);
			name = "NSURL读取网络资源";
			productName = "NSURL读取网络资源";
			productReference = 04E2001C1C50F8460089E4D0 /* NSURL读取网络资源 */;
			productType = "com.apple.product-type.tool";
		};
		04E200261C50F9DD0089E4D0 /* NSBundle处理项目相关资源 */ = {
			isa = PBXNativeTarget;
			buildConfigurationList = 04E2002B1C50F9DD0089E4D0 /* Build configuration list for PBXNativeTarget "NSBundle处理项目相关资源" */;
			buildPhases = (
				04E200231C50F9DD0089E4D0 /* Sources */,
				04E200241C50F9DD0089E4D0 /* Frameworks */,
				04E200251C50F9DD0089E4D0 /* Copy Files */,
			);
			buildRules = (
			);
			dependencies = (
			);
			name = "NSBundle处理项目相关资源";
			productName = "NSBundle处理项目相关资源";
			productReference = 04E200271C50F9DD0089E4D0 /* NSBundle处理项目相关资源 */;
			productType = "com.apple.product-type.tool";
		};
		04E2FFC01C50AFDB0089E4D0 /* Objective-C-IO */ = {
			isa = PBXNativeTarget;
			buildConfigurationList = 04E2FFC81C50AFDB0089E4D0 /* Build configuration list for PBXNativeTarget "Objective-C-IO" */;
			buildPhases = (
				04E2FFBD1C50AFDB0089E4D0 /* Sources */,
				04E2FFBE1C50AFDB0089E4D0 /* Frameworks */,
				04E2FFBF1C50AFDB0089E4D0 /* CopyFiles */,
			);
			buildRules = (
			);
			dependencies = (
			);
			name = "Objective-C-IO";
			productName = "Objective-C-IO";
			productReference = 04E2FFC11C50AFDB0089E4D0 /* Objective-C-IO */;
			productType = "com.apple.product-type.tool";
		};
		04E2FFCE1C50B5560089E4D0 /* 数据处理NSData */ = {
			isa = PBXNativeTarget;
			buildConfigurationList = 04E2FFD31C50B5560089E4D0 /* Build configuration list for PBXNativeTarget "数据处理NSData" */;
			buildPhases = (
				04E2FFCB1C50B5560089E4D0 /* Sources */,
				04E2FFCC1C50B5560089E4D0 /* Frameworks */,
				04E2FFCD1C50B5560089E4D0 /* CopyFiles */,
			);
			buildRules = (
			);
			dependencies = (
			);
			name = "数据处理NSData";
			productName = "数据处理NSData";
			productReference = 04E2FFCF1C50B5560089E4D0 /* 数据处理NSData */;
			productType = "com.apple.product-type.tool";
		};
		04E2FFD91C50B9F30089E4D0 /* NSFileManager管理文件和目录 */ = {
			isa = PBXNativeTarget;
			buildConfigurationList = 04E2FFDE1C50B9F30089E4D0 /* Build configuration list for PBXNativeTarget "NSFileManager管理文件和目录" */;
			buildPhases = (
				04E2FFD61C50B9F30089E4D0 /* Sources */,
				04E2FFD71C50B9F30089E4D0 /* Frameworks */,
				04E2FFD81C50B9F30089E4D0 /* CopyFiles */,
			);
			buildRules = (
			);
			dependencies = (
			);
			name = "NSFileManager管理文件和目录";
			productName = "NSFileManager管理文件和目录";
			productReference = 04E2FFDA1C50B9F30089E4D0 /* NSFileManager管理文件和目录 */;
			productType = "com.apple.product-type.tool";
		};
		04E2FFE41C50DFFD0089E4D0 /* 文件的创建、删除、移动、复制 */ = {
			isa = PBXNativeTarget;
			buildConfigurationList = 04E2FFE91C50DFFD0089E4D0 /* Build configuration list for PBXNativeTarget "文件的创建、删除、移动、复制" */;
			buildPhases = (
				04E2FFE11C50DFFD0089E4D0 /* Sources */,
				04E2FFE21C50DFFD0089E4D0 /* Frameworks */,
				04E2FFE31C50DFFD0089E4D0 /* CopyFiles */,
			);
			buildRules = (
			);
			dependencies = (
			);
			name = "文件的创建、删除、移动、复制";
			productName = "文件的创建、删除、移动、复制";
			productReference = 04E2FFE51C50DFFD0089E4D0 /* 文件的创建、删除、移动、复制 */;
			productType = "com.apple.product-type.tool";
		};
		04E2FFEF1C50EB820089E4D0 /* 查看目录包含的内容 */ = {
			isa = PBXNativeTarget;
			buildConfigurationList = 04E2FFF41C50EB820089E4D0 /* Build configuration list for PBXNativeTarget "查看目录包含的内容" */;
			buildPhases = (
				04E2FFEC1C50EB820089E4D0 /* Sources */,
				04E2FFED1C50EB820089E4D0 /* Frameworks */,
				04E2FFEE1C50EB820089E4D0 /* CopyFiles */,
			);
			buildRules = (
			);
			dependencies = (
			);
			name = "查看目录包含的内容";
			productName = "查看目录包含的内容";
			productReference = 04E2FFF01C50EB820089E4D0 /* 查看目录包含的内容 */;
			productType = "com.apple.product-type.tool";
		};
		04E2FFFA1C50EE5E0089E4D0 /* NSPathUtilities管理路径 */ = {
			isa = PBXNativeTarget;
			buildConfigurationList = 04E2FFFF1C50EE5E0089E4D0 /* Build configuration list for PBXNativeTarget "NSPathUtilities管理路径" */;
			buildPhases = (
				04E2FFF71C50EE5E0089E4D0 /* Sources */,
				04E2FFF81C50EE5E0089E4D0 /* Frameworks */,
				04E2FFF91C50EE5E0089E4D0 /* CopyFiles */,
			);
			buildRules = (
			);
			dependencies = (
			);
			name = "NSPathUtilities管理路径";
			productName = "NSPathUtilities管理路径";
			productReference = 04E2FFFB1C50EE5E0089E4D0 /* NSPathUtilities管理路径 */;
			productType = "com.apple.product-type.tool";
		};
		04ED23BA1C51D5D50043D2CB /* 对象归档 */ = {
			isa = PBXNativeTarget;
			buildConfigurationList = 04ED23BF1C51D5D50043D2CB /* Build configuration list for PBXNativeTarget "对象归档" */;
			buildPhases = (
				04ED23B71C51D5D50043D2CB /* Sources */,
				04ED23B81C51D5D50043D2CB /* Frameworks */,
				04ED23B91C51D5D50043D2CB /* CopyFiles */,
			);
			buildRules = (
			);
			dependencies = (
			);
			name = "对象归档";
			productName = "对象归档";
			productReference = 04ED23BB1C51D5D50043D2CB /* 对象归档 */;
			productType = "com.apple.product-type.tool";
		};
/* End PBXNativeTarget section */

/* Begin PBXProject section */
		04E2FFB91C50AFDB0089E4D0 /* Project object */ = {
			isa = PBXProject;
			attributes = {
				LastUpgradeCheck = 0720;
				ORGANIZATIONNAME = SpiColorPendra;
				TargetAttributes = {
					04E200051C50F1E80089E4D0 = {
						CreatedOnToolsVersion = 7.2;
					};
					04E200101C50F5410089E4D0 = {
						CreatedOnToolsVersion = 7.2;
					};
					04E2001B1C50F8460089E4D0 = {
						CreatedOnToolsVersion = 7.2;
					};
					04E200261C50F9DD0089E4D0 = {
						CreatedOnToolsVersion = 7.2;
					};
					04E2FFC01C50AFDB0089E4D0 = {
						CreatedOnToolsVersion = 7.2;
					};
					04E2FFCE1C50B5560089E4D0 = {
						CreatedOnToolsVersion = 7.2;
					};
					04E2FFD91C50B9F30089E4D0 = {
						CreatedOnToolsVersion = 7.2;
					};
					04E2FFE41C50DFFD0089E4D0 = {
						CreatedOnToolsVersion = 7.2;
					};
					04E2FFEF1C50EB820089E4D0 = {
						CreatedOnToolsVersion = 7.2;
					};
					04E2FFFA1C50EE5E0089E4D0 = {
						CreatedOnToolsVersion = 7.2;
					};
					04ED23BA1C51D5D50043D2CB = {
						CreatedOnToolsVersion = 7.2;
					};
				};
			};
			buildConfigurationList = 04E2FFBC1C50AFDB0089E4D0 /* Build configuration list for PBXProject "Objective-C-IO" */;
			compatibilityVersion = "Xcode 3.2";
			developmentRegion = English;
			hasScannedForEncodings = 0;
			knownRegions = (
				en,
			);
			mainGroup = 04E2FFB81C50AFDB0089E4D0;
			productRefGroup = 04E2FFC21C50AFDB0089E4D0 /* Products */;
			projectDirPath = "";
			projectRoot = "";
			targets = (
				04E2FFC01C50AFDB0089E4D0 /* Objective-C-IO */,
				04E2FFCE1C50B5560089E4D0 /* 数据处理NSData */,
				04E2FFD91C50B9F30089E4D0 /* NSFileManager管理文件和目录 */,
				04E2FFE41C50DFFD0089E4D0 /* 文件的创建、删除、移动、复制 */,
				04E2FFEF1C50EB820089E4D0 /* 查看目录包含的内容 */,
				04E2FFFA1C50EE5E0089E4D0 /* NSPathUtilities管理路径 */,
				04E200051C50F1E80089E4D0 /* 使用ProcessInfo */,
				04E200101C50F5410089E4D0 /* NSFileHandle处理文件IO */,
				04E2001B1C50F8460089E4D0 /* NSURL读取网络资源 */,
				04E200261C50F9DD0089E4D0 /* NSBundle处理项目相关资源 */,
				04ED23BA1C51D5D50043D2CB /* 对象归档 */,
			);
		};
/* End PBXProject section */

/* Begin PBXSourcesBuildPhase section */
		04E200021C50F1E80089E4D0 /* Sources */ = {
			isa = PBXSourcesBuildPhase;
			buildActionMask = 2147483647;
			files = (
				04E200091C50F1E90089E4D0 /* main.m in Sources */,
			);
			runOnlyForDeploymentPostprocessing = 0;
		};
		04E2000D1C50F5410089E4D0 /* Sources */ = {
			isa = PBXSourcesBuildPhase;
			buildActionMask = 2147483647;
			files = (
				04E200141C50F5410089E4D0 /* main.m in Sources */,
			);
			runOnlyForDeploymentPostprocessing = 0;
		};
		04E200181C50F8460089E4D0 /* Sources */ = {
			isa = PBXSourcesBuildPhase;
			buildActionMask = 2147483647;
			files = (
				04E2001F1C50F8460089E4D0 /* main.m in Sources */,
			);
			runOnlyForDeploymentPostprocessing = 0;
		};
		04E200231C50F9DD0089E4D0 /* Sources */ = {
			isa = PBXSourcesBuildPhase;
			buildActionMask = 2147483647;
			files = (
				04E2002A1C50F9DD0089E4D0 /* main.m in Sources */,
			);
			runOnlyForDeploymentPostprocessing = 0;
		};
		04E2FFBD1C50AFDB0089E4D0 /* Sources */ = {
			isa = PBXSourcesBuildPhase;
			buildActionMask = 2147483647;
			files = (
				04E2FFC51C50AFDB0089E4D0 /* main.m in Sources */,
			);
			runOnlyForDeploymentPostprocessing = 0;
		};
		04E2FFCB1C50B5560089E4D0 /* Sources */ = {
			isa = PBXSourcesBuildPhase;
			buildActionMask = 2147483647;
			files = (
				04E2FFD21C50B5560089E4D0 /* main.m in Sources */,
			);
			runOnlyForDeploymentPostprocessing = 0;
		};
		04E2FFD61C50B9F30089E4D0 /* Sources */ = {
			isa = PBXSourcesBuildPhase;
			buildActionMask = 2147483647;
			files = (
				04E2FFDD1C50B9F30089E4D0 /* main.m in Sources */,
			);
			runOnlyForDeploymentPostprocessing = 0;
		};
		04E2FFE11C50DFFD0089E4D0 /* Sources */ = {
			isa = PBXSourcesBuildPhase;
			buildActionMask = 2147483647;
			files = (
				04E2FFE81C50DFFD0089E4D0 /* main.m in Sources */,
			);
			runOnlyForDeploymentPostprocessing = 0;
		};
		04E2FFEC1C50EB820089E4D0 /* Sources */ = {
			isa = PBXSourcesBuildPhase;
			buildActionMask = 2147483647;
			files = (
				04E2FFF31C50EB820089E4D0 /* main.m in Sources */,
			);
			runOnlyForDeploymentPostprocessing = 0;
		};
		04E2FFF71C50EE5E0089E4D0 /* Sources */ = {
			isa = PBXSourcesBuildPhase;
			buildActionMask = 2147483647;
			files = (
				04E2FFFE1C50EE5E0089E4D0 /* main.m in Sources */,
			);
			runOnlyForDeploymentPostprocessing = 0;
		};
		04ED23B71C51D5D50043D2CB /* Sources */ = {
			isa = PBXSourcesBuildPhase;
			buildActionMask = 2147483647;
			files = (
				04ED23BE1C51D5D50043D2CB /* main.m in Sources */,
			);
			runOnlyForDeploymentPostprocessing = 0;
		};
/* End PBXSourcesBuildPhase section */

/* Begin XCBuildConfiguration section */
		04E200001C50EE5E0089E4D0 /* Debug */ = {
			isa = XCBuildConfiguration;
			buildSettings = {
				PRODUCT_NAME = "$(TARGET_NAME)";
			};
			name = Debug;
		};
		04E200011C50EE5E0089E4D0 /* Release */ = {
			isa = XCBuildConfiguration;
			buildSettings = {
				PRODUCT_NAME = "$(TARGET_NAME)";
			};
			name = Release;
		};
		04E2000B1C50F1E90089E4D0 /* Debug */ = {
			isa = XCBuildConfiguration;
			buildSettings = {
				PRODUCT_NAME = "$(TARGET_NAME)";
			};
			name = Debug;
		};
		04E2000C1C50F1E90089E4D0 /* Release */ = {
			isa = XCBuildConfiguration;
			buildSettings = {
				PRODUCT_NAME = "$(TARGET_NAME)";
			};
			name = Release;
		};
		04E200161C50F5410089E4D0 /* Debug */ = {
			isa = XCBuildConfiguration;
			buildSettings = {
				PRODUCT_NAME = "$(TARGET_NAME)";
			};
			name = Debug;
		};
		04E200171C50F5410089E4D0 /* Release */ = {
			isa = XCBuildConfiguration;
			buildSettings = {
				PRODUCT_NAME = "$(TARGET_NAME)";
			};
			name = Release;
		};
		04E200211C50F8460089E4D0 /* Debug */ = {
			isa = XCBuildConfiguration;
			buildSettings = {
				PRODUCT_NAME = "$(TARGET_NAME)";
			};
			name = Debug;
		};
		04E200221C50F8460089E4D0 /* Release */ = {
			isa = XCBuildConfiguration;
			buildSettings = {
				PRODUCT_NAME = "$(TARGET_NAME)";
			};
			name = Release;
		};
		04E2002C1C50F9DD0089E4D0 /* Debug */ = {
			isa = XCBuildConfiguration;
			buildSettings = {
				PRODUCT_NAME = "$(TARGET_NAME)";
			};
			name = Debug;
		};
		04E2002D1C50F9DD0089E4D0 /* Release */ = {
			isa = XCBuildConfiguration;
			buildSettings = {
				PRODUCT_NAME = "$(TARGET_NAME)";
			};
			name = Release;
		};
		04E2FFC61C50AFDB0089E4D0 /* Debug */ = {
			isa = XCBuildConfiguration;
			buildSettings = {
				ALWAYS_SEARCH_USER_PATHS = NO;
				CLANG_CXX_LANGUAGE_STANDARD = "gnu++0x";
				CLANG_CXX_LIBRARY = "libc++";
				CLANG_ENABLE_MODULES = YES;
				CLANG_ENABLE_OBJC_ARC = YES;
				CLANG_WARN_BOOL_CONVERSION = YES;
				CLANG_WARN_CONSTANT_CONVERSION = YES;
				CLANG_WARN_DIRECT_OBJC_ISA_USAGE = YES_ERROR;
				CLANG_WARN_EMPTY_BODY = YES;
				CLANG_WARN_ENUM_CONVERSION = YES;
				CLANG_WARN_INT_CONVERSION = YES;
				CLANG_WARN_OBJC_ROOT_CLASS = YES_ERROR;
				CLANG_WARN_UNREACHABLE_CODE = YES;
				CLANG_WARN__DUPLICATE_METHOD_MATCH = YES;
				CODE_SIGN_IDENTITY = "-";
				COPY_PHASE_STRIP = NO;
				DEBUG_INFORMATION_FORMAT = dwarf;
				ENABLE_STRICT_OBJC_MSGSEND = YES;
				ENABLE_TESTABILITY = YES;
				GCC_C_LANGUAGE_STANDARD = gnu99;
				GCC_DYNAMIC_NO_PIC = NO;
				GCC_NO_COMMON_BLOCKS = YES;
				GCC_OPTIMIZATION_LEVEL = 0;
				GCC_PREPROCESSOR_DEFINITIONS = (
					"DEBUG=1",
					"$(inherited)",
				);
				GCC_WARN_64_TO_32_BIT_CONVERSION = YES;
				GCC_WARN_ABOUT_RETURN_TYPE = YES_ERROR;
				GCC_WARN_UNDECLARED_SELECTOR = YES;
				GCC_WARN_UNINITIALIZED_AUTOS = YES_AGGRESSIVE;
				GCC_WARN_UNUSED_FUNCTION = YES;
				GCC_WARN_UNUSED_VARIABLE = YES;
				MACOSX_DEPLOYMENT_TARGET = 10.11;
				MTL_ENABLE_DEBUG_INFO = YES;
				ONLY_ACTIVE_ARCH = YES;
				SDKROOT = macosx;
			};
			name = Debug;
		};
		04E2FFC71C50AFDB0089E4D0 /* Release */ = {
			isa = XCBuildConfiguration;
			buildSettings = {
				ALWAYS_SEARCH_USER_PATHS = NO;
				CLANG_CXX_LANGUAGE_STANDARD = "gnu++0x";
				CLANG_CXX_LIBRARY = "libc++";
				CLANG_ENABLE_MODULES = YES;
				CLANG_ENABLE_OBJC_ARC = YES;
				CLANG_WARN_BOOL_CONVERSION = YES;
				CLANG_WARN_CONSTANT_CONVERSION = YES;
				CLANG_WARN_DIRECT_OBJC_ISA_USAGE = YES_ERROR;
				CLANG_WARN_EMPTY_BODY = YES;
				CLANG_WARN_ENUM_CONVERSION = YES;
				CLANG_WARN_INT_CONVERSION = YES;
				CLANG_WARN_OBJC_ROOT_CLASS = YES_ERROR;
				CLANG_WARN_UNREACHABLE_CODE = YES;
				CLANG_WARN__DUPLICATE_METHOD_MATCH = YES;
				CODE_SIGN_IDENTITY = "-";
				COPY_PHASE_STRIP = NO;
				DEBUG_INFORMATION_FORMAT = "dwarf-with-dsym";
				ENABLE_NS_ASSERTIONS = NO;
				ENABLE_STRICT_OBJC_MSGSEND = YES;
				GCC_C_LANGUAGE_STANDARD = gnu99;
				GCC_NO_COMMON_BLOCKS = YES;
				GCC_WARN_64_TO_32_BIT_CONVERSION = YES;
				GCC_WARN_ABOUT_RETURN_TYPE = YES_ERROR;
				GCC_WARN_UNDECLARED_SELECTOR = YES;
				GCC_WARN_UNINITIALIZED_AUTOS = YES_AGGRESSIVE;
				GCC_WARN_UNUSED_FUNCTION = YES;
				GCC_WARN_UNUSED_VARIABLE = YES;
				MACOSX_DEPLOYMENT_TARGET = 10.11;
				MTL_ENABLE_DEBUG_INFO = NO;
				SDKROOT = macosx;
			};
			name = Release;
		};
		04E2FFC91C50AFDB0089E4D0 /* Debug */ = {
			isa = XCBuildConfiguration;
			buildSettings = {
				PRODUCT_NAME = "$(TARGET_NAME)";
			};
			name = Debug;
		};
		04E2FFCA1C50AFDB0089E4D0 /* Release */ = {
			isa = XCBuildConfiguration;
			buildSettings = {
				PRODUCT_NAME = "$(TARGET_NAME)";
			};
			name = Release;
		};
		04E2FFD41C50B5560089E4D0 /* Debug */ = {
			isa = XCBuildConfiguration;
			buildSettings = {
				PRODUCT_NAME = "$(TARGET_NAME)";
			};
			name = Debug;
		};
		04E2FFD51C50B5560089E4D0 /* Release */ = {
			isa = XCBuildConfiguration;
			buildSettings = {
				PRODUCT_NAME = "$(TARGET_NAME)";
			};
			name = Release;
		};
		04E2FFDF1C50B9F30089E4D0 /* Debug */ = {
			isa = XCBuildConfiguration;
			buildSettings = {
				PRODUCT_NAME = "$(TARGET_NAME)";
			};
			name = Debug;
		};
		04E2FFE01C50B9F30089E4D0 /* Release */ = {
			isa = XCBuildConfiguration;
			buildSettings = {
				PRODUCT_NAME = "$(TARGET_NAME)";
			};
			name = Release;
		};
		04E2FFEA1C50DFFD0089E4D0 /* Debug */ = {
			isa = XCBuildConfiguration;
			buildSettings = {
				ALWAYS_SEARCH_USER_PATHS = YES;
				PRODUCT_NAME = "$(TARGET_NAME)";
				SYMROOT = "$(SRCROOT)";
				USER_HEADER_SEARCH_PATHS = "$(SRCROOT)";
			};
			name = Debug;
		};
		04E2FFEB1C50DFFD0089E4D0 /* Release */ = {
			isa = XCBuildConfiguration;
			buildSettings = {
				ALWAYS_SEARCH_USER_PATHS = YES;
				PRODUCT_NAME = "$(TARGET_NAME)";
				SYMROOT = "$(SRCROOT)";
				USER_HEADER_SEARCH_PATHS = "$(SRCROOT)";
			};
			name = Release;
		};
		04E2FFF51C50EB820089E4D0 /* Debug */ = {
			isa = XCBuildConfiguration;
			buildSettings = {
				PRODUCT_NAME = "$(TARGET_NAME)";
			};
			name = Debug;
		};
		04E2FFF61C50EB820089E4D0 /* Release */ = {
			isa = XCBuildConfiguration;
			buildSettings = {
				PRODUCT_NAME = "$(TARGET_NAME)";
			};
			name = Release;
		};
		04ED23C01C51D5D50043D2CB /* Debug */ = {
			isa = XCBuildConfiguration;
			buildSettings = {
				PRODUCT_NAME = "$(TARGET_NAME)";
			};
			name = Debug;
		};
		04ED23C11C51D5D50043D2CB /* Release */ = {
			isa = XCBuildConfiguration;
			buildSettings = {
				PRODUCT_NAME = "$(TARGET_NAME)";
			};
			name = Release;
		};
/* End XCBuildConfiguration section */

/* Begin XCConfigurationList section */
		04E2000A1C50F1E90089E4D0 /* Build configuration list for PBXNativeTarget "使用ProcessInfo" */ = {
			isa = XCConfigurationList;
			buildConfigurations = (
				04E2000B1C50F1E90089E4D0 /* Debug */,
				04E2000C1C50F1E90089E4D0 /* Release */,
			);
			defaultConfigurationIsVisible = 0;
			defaultConfigurationName = Release;
		};
		04E200151C50F5410089E4D0 /* Build configuration list for PBXNativeTarget "NSFileHandle处理文件IO" */ = {
			isa = XCConfigurationList;
			buildConfigurations = (
				04E200161C50F5410089E4D0 /* Debug */,
				04E200171C50F5410089E4D0 /* Release */,
			);
			defaultConfigurationIsVisible = 0;
			defaultConfigurationName = Release;
		};
		04E200201C50F8460089E4D0 /* Build configuration list for PBXNativeTarget "NSURL读取网络资源" */ = {
			isa = XCConfigurationList;
			buildConfigurations = (
				04E200211C50F8460089E4D0 /* Debug */,
				04E200221C50F8460089E4D0 /* Release */,
			);
			defaultConfigurationIsVisible = 0;
			defaultConfigurationName = Release;
		};
		04E2002B1C50F9DD0089E4D0 /* Build configuration list for PBXNativeTarget "NSBundle处理项目相关资源" */ = {
			isa = XCConfigurationList;
			buildConfigurations = (
				04E2002C1C50F9DD0089E4D0 /* Debug */,
				04E2002D1C50F9DD0089E4D0 /* Release */,
			);
			defaultConfigurationIsVisible = 0;
			defaultConfigurationName = Release;
		};
		04E2FFBC1C50AFDB0089E4D0 /* Build configuration list for PBXProject "Objective-C-IO" */ = {
			isa = XCConfigurationList;
			buildConfigurations = (
				04E2FFC61C50AFDB0089E4D0 /* Debug */,
				04E2FFC71C50AFDB0089E4D0 /* Release */,
			);
			defaultConfigurationIsVisible = 0;
			defaultConfigurationName = Release;
		};
		04E2FFC81C50AFDB0089E4D0 /* Build configuration list for PBXNativeTarget "Objective-C-IO" */ = {
			isa = XCConfigurationList;
			buildConfigurations = (
				04E2FFC91C50AFDB0089E4D0 /* Debug */,
				04E2FFCA1C50AFDB0089E4D0 /* Release */,
			);
			defaultConfigurationIsVisible = 0;
			defaultConfigurationName = Release;
		};
		04E2FFD31C50B5560089E4D0 /* Build configuration list for PBXNativeTarget "数据处理NSData" */ = {
			isa = XCConfigurationList;
			buildConfigurations = (
				04E2FFD41C50B5560089E4D0 /* Debug */,
				04E2FFD51C50B5560089E4D0 /* Release */,
			);
			defaultConfigurationIsVisible = 0;
			defaultConfigurationName = Release;
		};
		04E2FFDE1C50B9F30089E4D0 /* Build configuration list for PBXNativeTarget "NSFileManager管理文件和目录" */ = {
			isa = XCConfigurationList;
			buildConfigurations = (
				04E2FFDF1C50B9F30089E4D0 /* Debug */,
				04E2FFE01C50B9F30089E4D0 /* Release */,
			);
			defaultConfigurationIsVisible = 0;
			defaultConfigurationName = Release;
		};
		04E2FFE91C50DFFD0089E4D0 /* Build configuration list for PBXNativeTarget "文件的创建、删除、移动、复制" */ = {
			isa = XCConfigurationList;
			buildConfigurations = (
				04E2FFEA1C50DFFD0089E4D0 /* Debug */,
				04E2FFEB1C50DFFD0089E4D0 /* Release */,
			);
			defaultConfigurationIsVisible = 0;
			defaultConfigurationName = Release;
		};
		04E2FFF41C50EB820089E4D0 /* Build configuration list for PBXNativeTarget "查看目录包含的内容" */ = {
			isa = XCConfigurationList;
			buildConfigurations = (
				04E2FFF51C50EB820089E4D0 /* Debug */,
				04E2FFF61C50EB820089E4D0 /* Release */,
			);
			defaultConfigurationIsVisible = 0;
			defaultConfigurationName = Release;
		};
		04E2FFFF1C50EE5E0089E4D0 /* Build configuration list for PBXNativeTarget "NSPathUtilities管理路径" */ = {
			isa = XCConfigurationList;
			buildConfigurations = (
				04E200001C50EE5E0089E4D0 /* Debug */,
				04E200011C50EE5E0089E4D0 /* Release */,
			);
			defaultConfigurationIsVisible = 0;
			defaultConfigurationName = Release;
		};
		04ED23BF1C51D5D50043D2CB /* Build configuration list for PBXNativeTarget "对象归档" */ = {
			isa = XCConfigurationList;
			buildConfigurations = (
				04ED23C01C51D5D50043D2CB /* Debug */,
				04ED23C11C51D5D50043D2CB /* Release */,
			);
			defaultConfigurationIsVisible = 0;
		};
/* End XCConfigurationList section */
	};
	rootObject = 04E2FFB91C50AFDB0089E4D0 /* Project object */;
}
